
Microsoft Visual Studio Solution File, Format Version 12.00
# Visual Studio 2013
VisualStudioVersion = 12.0.21005.1
MinimumVisualStudioVersion = 10.0.40219.1
Project("{FAE04EC0-301F-11D3-BF4B-00C04F79EFBC}") = "BidlinkU8Interface", "BidlinkU8Interface\BidlinkU8Interface.csproj", "{3DFDC1D8-C864-4E87-8083-2D1B9FBEB284}"
EndProject
Project("{FAE04EC0-301F-11D3-BF4B-00C04F79EFBC}") = "BidlinkU8Interface.Tests", "BidlinkU8Interface.Tests\BidlinkU8Interface.Tests.csproj", "{37F5E2F0-63E5-44E4-B0EB-842ABB4583B8}"
EndProject
Project("{FAE04EC0-301F-11D3-BF4B-00C04F79EFBC}") = "KlbU8Vouch", "..\KlbU8Vouch\KlbU8Vouch.csproj", "{83E415FE-28C2-405D-8B62-1EF2CCEDDCC2}"
EndProject
Global
	GlobalSection(SolutionConfigurationPlatforms) = preSolution
		Debug|Any CPU = Debug|Any CPU
		Release|Any CPU = Release|Any CPU
	EndGlobalSection
	GlobalSection(ProjectConfigurationPlatforms) = postSolution
		{3DFDC1D8-C864-4E87-8083-2D1B9FBEB284}.Debug|Any CPU.ActiveCfg = Debug|Any CPU
		{3DFDC1D8-C864-4E87-8083-2D1B9FBEB284}.Debug|Any CPU.Build.0 = Debug|Any CPU
		{3DFDC1D8-C864-4E87-8083-2D1B9FBEB284}.Release|Any CPU.ActiveCfg = Release|Any CPU
		{3DFDC1D8-C864-4E87-8083-2D1B9FBEB284}.Release|Any CPU.Build.0 = Release|Any CPU
		{37F5E2F0-63E5-44E4-B0EB-842ABB4583B8}.Debug|Any CPU.ActiveCfg = Debug|Any CPU
		{37F5E2F0-63E5-44E4-B0EB-842ABB4583B8}.Debug|Any CPU.Build.0 = Debug|Any CPU
		{37F5E2F0-63E5-44E4-B0EB-842ABB4583B8}.Release|Any CPU.ActiveCfg = Release|Any CPU
		{37F5E2F0-63E5-44E4-B0EB-842ABB4583B8}.Release|Any CPU.Build.0 = Release|Any CPU
		{83E415FE-28C2-405D-8B62-1EF2CCEDDCC2}.Debug|Any CPU.ActiveCfg = Debug|Any CPU
		{83E415FE-28C2-405D-8B62-1EF2CCEDDCC2}.Debug|Any CPU.Build.0 = Debug|Any CPU
		{83E415FE-28C2-405D-8B62-1EF2CCEDDCC2}.Release|Any CPU.ActiveCfg = Release|Any CPU
		{83E415FE-28C2-405D-8B62-1EF2CCEDDCC2}.Release|Any CPU.Build.0 = Release|Any CPU
	EndGlobalSection
	GlobalSection(SolutionProperties) = preSolution
		HideSolutionNode = FALSE
	EndGlobalSection
EndGlobal
